// !$*UTF8*$!
{
	archiveVersion = 1;
	classes = {
	};
	objectVersion = 77;
	objects = {

/* Begin PBXBuildFile section */
		11854C9C34870F95BA70963E /* SystemStatus.swift in Sources */ = {isa = PBXBuildFile; fileRef = 264205ED0C84B54DBAA61D40 /* SystemStatus.swift */; };
		234ABCD1AEECEA55FB5B61BF /* CleaningView.swift in Sources */ = {isa = PBXBuildFile; fileRef = CAFD1225F084DE160AF662B0 /* CleaningView.swift */; };
		3213C1E49FBF250EBCD61A6D /* SecurityView.swift in Sources */ = {isa = PBXBuildFile; fileRef = D095E3F01BFA18BFCC49D33E /* SecurityView.swift */; };
		3A81A17CC5614347C8D8D120 /* SettingsView.swift in Sources */ = {isa = PBXBuildFile; fileRef = 0E637932AAFEB5DCDB2177D0 /* SettingsView.swift */; };
		450AB0B13F87448494574E7A /* Assets.xcassets in Resources */ = {isa = PBXBuildFile; fileRef = BF5F307496664AE5BFF68C87 /* Assets.xcassets */; };
		510F8A9C1AA27FD20BCF66BF /* InfoView.swift in Sources */ = {isa = PBXBuildFile; fileRef = A77BCD2166259DC0C6D81C87 /* InfoView.swift */; };
		5A23B6AB2FFF1916FF42BEEA /* CLIRunner.swift in Sources */ = {isa = PBXBuildFile; fileRef = B5C3AE6F109958620F9FFEB9 /* CLIRunner.swift */; };
		6838FA887FCBC88559467A41 /* LogView.swift in Sources */ = {isa = PBXBuildFile; fileRef = 02899A26DA4ECE78F3D0DB1F /* LogView.swift */; };
		7F8C8E64C38F6C6CF03D743D /* AutomationView.swift in Sources */ = {isa = PBXBuildFile; fileRef = 0E2EE53CC7EB312CAEA91E98 /* AutomationView.swift */; };
		7FDF1B82C608B49A76EAB0C5 /* TweaksService.swift in Sources */ = {isa = PBXBuildFile; fileRef = 79E2AB80E485C7C543AB1CF4 /* TweaksService.swift */; };
		8308947D0339A7572930B725 /* SidebarItem.swift in Sources */ = {isa = PBXBuildFile; fileRef = 0F411A9D74C47F2EB8F8F045 /* SidebarItem.swift */; };
		8EF17EAB49B4E40911CCFC64 /* MaintenanceView.swift in Sources */ = {isa = PBXBuildFile; fileRef = 9794648E2E9ABB4C0C8C0962 /* MaintenanceView.swift */; };
		A46FE45D77F944F477EAAEEA /* ParametersView.swift in Sources */ = {isa = PBXBuildFile; fileRef = 33BEF58E630794966A1A78CD /* ParametersView.swift */; };
		BF9C5EA3DDFE4E6E41716947 /* MeisterSiriApp.swift in Sources */ = {isa = PBXBuildFile; fileRef = 8238C9B8AE1F0348B21A5C10 /* MeisterSiriApp.swift */; };
		E5DDECF0ADD5C153A0EACE7B /* Components.swift in Sources */ = {isa = PBXBuildFile; fileRef = AF5072214D7B2C8522565F6B /* Components.swift */; };
		EBF10F230C340ECA5FA6D851 /* ContentView.swift in Sources */ = {isa = PBXBuildFile; fileRef = 11FF1B6BE95249AD9721B49C /* ContentView.swift */; };
		FFF51F8BCB66871E82895532 /* AppState.swift in Sources */ = {isa = PBXBuildFile; fileRef = BFA5FB762C9FD367011DE5F6 /* AppState.swift */; };
/* End PBXBuildFile section */

/* Begin PBXFileReference section */
		02899A26DA4ECE78F3D0DB1F /* LogView.swift */ = {isa = PBXFileReference; lastKnownFileType = sourcecode.swift; path = LogView.swift; sourceTree = "<group>"; };
		0E2EE53CC7EB312CAEA91E98 /* AutomationView.swift */ = {isa = PBXFileReference; lastKnownFileType = sourcecode.swift; path = AutomationView.swift; sourceTree = "<group>"; };
		0E637932AAFEB5DCDB2177D0 /* SettingsView.swift */ = {isa = PBXFileReference; lastKnownFileType = sourcecode.swift; path = SettingsView.swift; sourceTree = "<group>"; };
		0F411A9D74C47F2EB8F8F045 /* SidebarItem.swift */ = {isa = PBXFileReference; lastKnownFileType = sourcecode.swift; path = SidebarItem.swift; sourceTree = "<group>"; };
		11FF1B6BE95249AD9721B49C /* ContentView.swift */ = {isa = PBXFileReference; lastKnownFileType = sourcecode.swift; path = ContentView.swift; sourceTree = "<group>"; };
		264205ED0C84B54DBAA61D40 /* SystemStatus.swift */ = {isa = PBXFileReference; lastKnownFileType = sourcecode.swift; path = SystemStatus.swift; sourceTree = "<group>"; };
		33BEF58E630794966A1A78CD /* ParametersView.swift */ = {isa = PBXFileReference; lastKnownFileType = sourcecode.swift; path = ParametersView.swift; sourceTree = "<group>"; };
		36A30854E20C9027EC9A9049 /* MeisterSiri.app */ = {isa = PBXFileReference; explicitFileType = wrapper.application; includeInIndex = 0; path = MeisterSiri.app; sourceTree = BUILT_PRODUCTS_DIR; };
		79E2AB80E485C7C543AB1CF4 /* TweaksService.swift */ = {isa = PBXFileReference; lastKnownFileType = sourcecode.swift; path = TweaksService.swift; sourceTree = "<group>"; };
		8238C9B8AE1F0348B21A5C10 /* MeisterSiriApp.swift */ = {isa = PBXFileReference; lastKnownFileType = sourcecode.swift; path = MeisterSiriApp.swift; sourceTree = "<group>"; };
		9794648E2E9ABB4C0C8C0962 /* MaintenanceView.swift */ = {isa = PBXFileReference; lastKnownFileType = sourcecode.swift; path = MaintenanceView.swift; sourceTree = "<group>"; };
		A77BCD2166259DC0C6D81C87 /* InfoView.swift */ = {isa = PBXFileReference; lastKnownFileType = sourcecode.swift; path = InfoView.swift; sourceTree = "<group>"; };
		AF5072214D7B2C8522565F6B /* Components.swift */ = {isa = PBXFileReference; lastKnownFileType = sourcecode.swift; path = Components.swift; sourceTree = "<group>"; };
		B5C3AE6F109958620F9FFEB9 /* CLIRunner.swift */ = {isa = PBXFileReference; lastKnownFileType = sourcecode.swift; path = CLIRunner.swift; sourceTree = "<group>"; };
		BF5F307496664AE5BFF68C87 /* Assets.xcassets */ = {isa = PBXFileReference; lastKnownFileType = folder.assetcatalog; path = Assets.xcassets; sourceTree = "<group>"; };
		BFA5FB762C9FD367011DE5F6 /* AppState.swift */ = {isa = PBXFileReference; lastKnownFileType = sourcecode.swift; path = AppState.swift; sourceTree = "<group>"; };
		CAFD1225F084DE160AF662B0 /* CleaningView.swift */ = {isa = PBXFileReference; lastKnownFileType = sourcecode.swift; path = CleaningView.swift; sourceTree = "<group>"; };
		D095E3F01BFA18BFCC49D33E /* SecurityView.swift */ = {isa = PBXFileReference; lastKnownFileType = sourcecode.swift; path = SecurityView.swift; sourceTree = "<group>"; };
/* End PBXFileReference section */

/* Begin PBXGroup section */
		0215E6119D0C3F806C68AC2D = {
			isa = PBXGroup;
			children = (
				8D9E3D3D417E7D6B42B0F89D /* Resources */,
				0683666EC832673B070579B2 /* Sources */,
				5F79F1834A56BAC264F3864A /* Products */,
			);
			sourceTree = "<group>";
		};
		0683666EC832673B070579B2 /* Sources */ = {
			isa = PBXGroup;
			children = (
				D17F6D3189ADF35DF32445BD /* Models */,
				E8525049C1E10123E91BC5BE /* Services */,
				9349E343ADC3EAF4F57FA6AD /* Views */,
				BFA5FB762C9FD367011DE5F6 /* AppState.swift */,
				8238C9B8AE1F0348B21A5C10 /* MeisterSiriApp.swift */,
			);
			path = Sources;
			sourceTree = "<group>";
		};
		5F79F1834A56BAC264F3864A /* Products */ = {
			isa = PBXGroup;
			children = (
				36A30854E20C9027EC9A9049 /* MeisterSiri.app */,
			);
			name = Products;
			sourceTree = "<group>";
		};
		8D9E3D3D417E7D6B42B0F89D /* Resources */ = {
			isa = PBXGroup;
			children = (
				BF5F307496664AE5BFF68C87 /* Assets.xcassets */,
			);
			path = Resources;
			sourceTree = "<group>";
		};
		9349E343ADC3EAF4F57FA6AD /* Views */ = {
			isa = PBXGroup;
			children = (
				0E2EE53CC7EB312CAEA91E98 /* AutomationView.swift */,
				CAFD1225F084DE160AF662B0 /* CleaningView.swift */,
				AF5072214D7B2C8522565F6B /* Components.swift */,
				11FF1B6BE95249AD9721B49C /* ContentView.swift */,
				A77BCD2166259DC0C6D81C87 /* InfoView.swift */,
				02899A26DA4ECE78F3D0DB1F /* LogView.swift */,
				9794648E2E9ABB4C0C8C0962 /* MaintenanceView.swift */,
				33BEF58E630794966A1A78CD /* ParametersView.swift */,
				D095E3F01BFA18BFCC49D33E /* SecurityView.swift */,
				0E637932AAFEB5DCDB2177D0 /* SettingsView.swift */,
			);
			path = Views;
			sourceTree = "<group>";
		};
		D17F6D3189ADF35DF32445BD /* Models */ = {
			isa = PBXGroup;
			children = (
				0F411A9D74C47F2EB8F8F045 /* SidebarItem.swift */,
			);
			path = Models;
			sourceTree = "<group>";
		};
		E8525049C1E10123E91BC5BE /* Services */ = {
			isa = PBXGroup;
			children = (
				B5C3AE6F109958620F9FFEB9 /* CLIRunner.swift */,
				264205ED0C84B54DBAA61D40 /* SystemStatus.swift */,
				79E2AB80E485C7C543AB1CF4 /* TweaksService.swift */,
			);
			path = Services;
			sourceTree = "<group>";
		};
/* End PBXGroup section */

/* Begin PBXNativeTarget section */
		9B6FB7C9B6197A8A8CBE0B79 /* MeisterSiri */ = {
			isa = PBXNativeTarget;
			buildConfigurationList = 5205275EA27B4F94549B36B2 /* Build configuration list for PBXNativeTarget "MeisterSiri" */;
			buildPhases = (
				B64BB15DF16CA56AD79ABB7A /* Sources */,
				DA3E6522D80F7A7B745577D6 /* Resources */,
			);
			buildRules = (
			);
			dependencies = (
			);
			name = MeisterSiri;
			packageProductDependencies = (
			);
			productName = MeisterSiri;
			productReference = 36A30854E20C9027EC9A9049 /* MeisterSiri.app */;
			productType = "com.apple.product-type.application";
		};
/* End PBXNativeTarget section */

/* Begin PBXProject section */
		2EAC88A14936DB485F1B488D /* Project object */ = {
			isa = PBXProject;
			attributes = {
				BuildIndependentTargetsInParallel = YES;
				LastUpgradeCheck = 1430;
				TargetAttributes = {
				};
			};
			buildConfigurationList = EBFCC185C167D557B336CFD3 /* Build configuration list for PBXProject "MeisterSiri" */;
			developmentRegion = en;
			hasScannedForEncodings = 0;
			knownRegions = (
				Base,
				en,
			);
			mainGroup = 0215E6119D0C3F806C68AC2D;
			minimizedProjectReferenceProxies = 1;
			preferredProjectObjectVersion = 77;
			productRefGroup = 5F79F1834A56BAC264F3864A /* Products */;
			projectDirPath = "";
			projectRoot = "";
			targets = (
				9B6FB7C9B6197A8A8CBE0B79 /* MeisterSiri */,
			);
		};
/* End PBXProject section */

/* Begin PBXResourcesBuildPhase section */
		DA3E6522D80F7A7B745577D6 /* Resources */ = {
			isa = PBXResourcesBuildPhase;
			buildActionMask = 2147483647;
			files = (
				450AB0B13F87448494574E7A /* Assets.xcassets in Resources */,
			);
			runOnlyForDeploymentPostprocessing = 0;
		};
/* End PBXResourcesBuildPhase section */

/* Begin PBXSourcesBuildPhase section */
		B64BB15DF16CA56AD79ABB7A /* Sources */ = {
			isa = PBXSourcesBuildPhase;
			buildActionMask = 2147483647;
			files = (
				FFF51F8BCB66871E82895532 /* AppState.swift in Sources */,
				7F8C8E64C38F6C6CF03D743D /* AutomationView.swift in Sources */,
				5A23B6AB2FFF1916FF42BEEA /* CLIRunner.swift in Sources */,
				234ABCD1AEECEA55FB5B61BF /* CleaningView.swift in Sources */,
				E5DDECF0ADD5C153A0EACE7B /* Components.swift in Sources */,
				EBF10F230C340ECA5FA6D851 /* ContentView.swift in Sources */,
				510F8A9C1AA27FD20BCF66BF /* InfoView.swift in Sources */,
				6838FA887FCBC88559467A41 /* LogView.swift in Sources */,
				8EF17EAB49B4E40911CCFC64 /* MaintenanceView.swift in Sources */,
				BF9C5EA3DDFE4E6E41716947 /* MeisterSiriApp.swift in Sources */,
				A46FE45D77F944F477EAAEEA /* ParametersView.swift in Sources */,
				3213C1E49FBF250EBCD61A6D /* SecurityView.swift in Sources */,
				3A81A17CC5614347C8D8D120 /* SettingsView.swift in Sources */,
				8308947D0339A7572930B725 /* SidebarItem.swift in Sources */,
				11854C9C34870F95BA70963E /* SystemStatus.swift in Sources */,
				7FDF1B82C608B49A76EAB0C5 /* TweaksService.swift in Sources */,
			);
			runOnlyForDeploymentPostprocessing = 0;
		};
/* End PBXSourcesBuildPhase section */

/* Begin XCBuildConfiguration section */
		3D88C125E154A282D3C47FA5 /* Debug */ = {
			isa = XCBuildConfiguration;
			buildSettings = {
				ASSETCATALOG_COMPILER_APPICON_NAME = AppIcon;
				COMBINE_HIDPI_IMAGES = YES;
				INFOPLIST_FILE = Info.plist;
				LD_RUNPATH_SEARCH_PATHS = (
					"$(inherited)",
					"@executable_path/../Frameworks",
				);
				PRODUCT_BUNDLE_IDENTIFIER = com.maf4711.meistersiri;
				SDKROOT = macosx;
			};
			name = Debug;
		};
		50B58B69EB95E618657D03A7 /* Debug */ = {
			isa = XCBuildConfiguration;
			buildSettings = {
				ALWAYS_SEARCH_USER_PATHS = NO;
				CLANG_ANALYZER_NONNULL = YES;
				CLANG_ANALYZER_NUMBER_OBJECT_CONVERSION = YES_AGGRESSIVE;
				CLANG_CXX_LANGUAGE_STANDARD = "gnu++14";
				CLANG_CXX_LIBRARY = "libc++";
				CLANG_ENABLE_MODULES = YES;
				CLANG_ENABLE_OBJC_ARC = YES;
				CLANG_ENABLE_OBJC_WEAK = YES;
				CLANG_WARN_BLOCK_CAPTURE_AUTORELEASING = YES;
				CLANG_WARN_BOOL_CONVERSION = YES;
				CLANG_WARN_COMMA = YES;
				CLANG_WARN_CONSTANT_CONVERSION = YES;
				CLANG_WARN_DEPRECATED_OBJC_IMPLEMENTATIONS = YES;
				CLANG_WARN_DIRECT_OBJC_ISA_USAGE = YES_ERROR;
				CLANG_WARN_DOCUMENTATION_COMMENTS = YES;
				CLANG_WARN_EMPTY_BODY = YES;
				CLANG_WARN_ENUM_CONVERSION = YES;
				CLANG_WARN_INFINITE_RECURSION = YES;
				CLANG_WARN_INT_CONVERSION = YES;
				CLANG_WARN_NON_LITERAL_NULL_CONVERSION = YES;
				CLANG_WARN_OBJC_IMPLICIT_RETAIN_SELF = YES;
				CLANG_WARN_OBJC_LITERAL_CONVERSION = YES;
				CLANG_WARN_OBJC_ROOT_CLASS = YES_ERROR;
				CLANG_WARN_QUOTED_INCLUDE_IN_FRAMEWORK_HEADER = YES;
				CLANG_WARN_RANGE_LOOP_ANALYSIS = YES;
				CLANG_WARN_STRICT_PROTOTYPES = YES;
				CLANG_WARN_SUSPICIOUS_MOVE = YES;
				CLANG_WARN_UNGUARDED_AVAILABILITY = YES_AGGRESSIVE;
				CLANG_WARN_UNREACHABLE_CODE = YES;
				CLANG_WARN__DUPLICATE_METHOD_MATCH = YES;
				CODE_SIGNING_ALLOWED = YES;
				CODE_SIGNING_REQUIRED = NO;
				CODE_SIGN_IDENTITY = "-";
				COMBINE_HIDPI_IMAGES = YES;
				COPY_PHASE_STRIP = NO;
				CURRENT_PROJECT_VERSION = 1;
				DEBUG_INFORMATION_FORMAT = dwarf;
				ENABLE_HARDENED_RUNTIME = NO;
				ENABLE_STRICT_OBJC_MSGSEND = YES;
				ENABLE_TESTABILITY = YES;
				GCC_C_LANGUAGE_STANDARD = gnu11;
				GCC_DYNAMIC_NO_PIC = NO;
				GCC_NO_COMMON_BLOCKS = YES;
				GCC_OPTIMIZATION_LEVEL = 0;
				GCC_PREPROCESSOR_DEFINITIONS = (
					"$(inherited)",
					"DEBUG=1",
				);
				GCC_WARN_64_TO_32_BIT_CONVERSION = YES;
				GCC_WARN_ABOUT_RETURN_TYPE = YES_ERROR;
				GCC_WARN_UNDECLARED_SELECTOR = YES;
				GCC_WARN_UNINITIALIZED_AUTOS = YES_AGGRESSIVE;
				GCC_WARN_UNUSED_FUNCTION = YES;
				GCC_WARN_UNUSED_VARIABLE = YES;
				GENERATE_INFOPLIST_FILE = YES;
				INFOPLIST_KEY_CFBundleDisplayName = MeisterSiri;
				INFOPLIST_KEY_LSApplicationCategoryType = "public.app-category.utilities";
				INFOPLIST_KEY_LSUIElement = NO;
				INFOPLIST_KEY_NSHumanReadableCopyright = "Copyright © maf4711";
				MACOSX_DEPLOYMENT_TARGET = 14.0;
				MARKETING_VERSION = 1.0.0;
				MTL_ENABLE_DEBUG_INFO = INCLUDE_SOURCE;
				MTL_FAST_MATH = YES;
				ONLY_ACTIVE_ARCH = YES;
				PRODUCT_NAME = MeisterSiri;
				SDKROOT = macosx;
				SWIFT_ACTIVE_COMPILATION_CONDITIONS = DEBUG;
				SWIFT_OPTIMIZATION_LEVEL = "-Onone";
				SWIFT_VERSION = 5.9;
			};
			name = Debug;
		};
		9C8201F9BEABC6887D938E1F /* Release */ = {
			isa = XCBuildConfiguration;
			buildSettings = {
				ALWAYS_SEARCH_USER_PATHS = NO;
				CLANG_ANALYZER_NONNULL = YES;
				CLANG_ANALYZER_NUMBER_OBJECT_CONVERSION = YES_AGGRESSIVE;
				CLANG_CXX_LANGUAGE_STANDARD = "gnu++14";
				CLANG_CXX_LIBRARY = "libc++";
				CLANG_ENABLE_MODULES = YES;
				CLANG_ENABLE_OBJC_ARC = YES;
				CLANG_ENABLE_OBJC_WEAK = YES;
				CLANG_WARN_BLOCK_CAPTURE_AUTORELEASING = YES;
				CLANG_WARN_BOOL_CONVERSION = YES;
				CLANG_WARN_COMMA = YES;
				CLANG_WARN_CONSTANT_CONVERSION = YES;
				CLANG_WARN_DEPRECATED_OBJC_IMPLEMENTATIONS = YES;
				CLANG_WARN_DIRECT_OBJC_ISA_USAGE = YES_ERROR;
				CLANG_WARN_DOCUMENTATION_COMMENTS = YES;
				CLANG_WARN_EMPTY_BODY = YES;
				CLANG_WARN_ENUM_CONVERSION = YES;
				CLANG_WARN_INFINITE_RECURSION = YES;
				CLANG_WARN_INT_CONVERSION = YES;
				CLANG_WARN_NON_LITERAL_NULL_CONVERSION = YES;
				CLANG_WARN_OBJC_IMPLICIT_RETAIN_SELF = YES;
				CLANG_WARN_OBJC_LITERAL_CONVERSION = YES;
				CLANG_WARN_OBJC_ROOT_CLASS = YES_ERROR;
				CLANG_WARN_QUOTED_INCLUDE_IN_FRAMEWORK_HEADER = YES;
				CLANG_WARN_RANGE_LOOP_ANALYSIS = YES;
				CLANG_WARN_STRICT_PROTOTYPES = YES;
				CLANG_WARN_SUSPICIOUS_MOVE = YES;
				CLANG_WARN_UNGUARDED_AVAILABILITY = YES_AGGRESSIVE;
				CLANG_WARN_UNREACHABLE_CODE = YES;
				CLANG_WARN__DUPLICATE_METHOD_MATCH = YES;
				CODE_SIGNING_ALLOWED = YES;
				CODE_SIGNING_REQUIRED = NO;
				CODE_SIGN_IDENTITY = "-";
				COMBINE_HIDPI_IMAGES = YES;
				COPY_PHASE_STRIP = NO;
				CURRENT_PROJECT_VERSION = 1;
				DEBUG_INFORMATION_FORMAT = "dwarf-with-dsym";
				ENABLE_HARDENED_RUNTIME = NO;
				ENABLE_NS_ASSERTIONS = NO;
				ENABLE_STRICT_OBJC_MSGSEND = YES;
				GCC_C_LANGUAGE_STANDARD = gnu11;
				GCC_NO_COMMON_BLOCKS = YES;
				GCC_WARN_64_TO_32_BIT_CONVERSION = YES;
				GCC_WARN_ABOUT_RETURN_TYPE = YES_ERROR;
				GCC_WARN_UNDECLARED_SELECTOR = YES;
				GCC_WARN_UNINITIALIZED_AUTOS = YES_AGGRESSIVE;
				GCC_WARN_UNUSED_FUNCTION = YES;
				GCC_WARN_UNUSED_VARIABLE = YES;
				GENERATE_INFOPLIST_FILE = YES;
				INFOPLIST_KEY_CFBundleDisplayName = MeisterSiri;
				INFOPLIST_KEY_LSApplicationCategoryType = "public.app-category.utilities";
				INFOPLIST_KEY_LSUIElement = NO;
				INFOPLIST_KEY_NSHumanReadableCopyright = "Copyright © maf4711";
				MACOSX_DEPLOYMENT_TARGET = 14.0;
				MARKETING_VERSION = 1.0.0;
				MTL_ENABLE_DEBUG_INFO = NO;
				MTL_FAST_MATH = YES;
				PRODUCT_NAME = MeisterSiri;
				SDKROOT = macosx;
				SWIFT_COMPILATION_MODE = wholemodule;
				SWIFT_OPTIMIZATION_LEVEL = "-O";
				SWIFT_VERSION = 5.9;
			};
			name = Release;
		};
		A7F295D7B8D6C13E8FC819FE /* Release */ = {
			isa = XCBuildConfiguration;
			buildSettings = {
				ASSETCATALOG_COMPILER_APPICON_NAME = AppIcon;
				COMBINE_HIDPI_IMAGES = YES;
				INFOPLIST_FILE = Info.plist;
				LD_RUNPATH_SEARCH_PATHS = (
					"$(inherited)",
					"@executable_path/../Frameworks",
				);
				PRODUCT_BUNDLE_IDENTIFIER = com.maf4711.meistersiri;
				SDKROOT = macosx;
			};
			name = Release;
		};
/* End XCBuildConfiguration section */

/* Begin XCConfigurationList section */
		5205275EA27B4F94549B36B2 /* Build configuration list for PBXNativeTarget "MeisterSiri" */ = {
			isa = XCConfigurationList;
			buildConfigurations = (
				3D88C125E154A282D3C47FA5 /* Debug */,
				A7F295D7B8D6C13E8FC819FE /* Release */,
			);
			defaultConfigurationIsVisible = 0;
			defaultConfigurationName = Debug;
		};
		EBFCC185C167D557B336CFD3 /* Build configuration list for PBXProject "MeisterSiri" */ = {
			isa = XCConfigurationList;
			buildConfigurations = (
				50B58B69EB95E618657D03A7 /* Debug */,
				9C8201F9BEABC6887D938E1F /* Release */,
			);
			defaultConfigurationIsVisible = 0;
			defaultConfigurationName = Debug;
		};
/* End XCConfigurationList section */
	};
	rootObject = 2EAC88A14936DB485F1B488D /* Project object */;
}
